
Microsoft Visual Studio Solution File, Format Version 12.00
# Visual Studio Version 17
VisualStudioVersion = 17.4.33403.182
MinimumVisualStudioVersion = 10.0.40219.1
Project("{FAE04EC0-301F-11D3-BF4B-00C04F79EFBC}") = "Proyecto_POO", "Proyecto_POO.csproj", "{EE4BD29F-D60F-445B-A0E4-FA3A969D4A1D}"
EndProject
Global
	GlobalSection(SolutionConfigurationPlatforms) = preSolution
		Debug|Any CPU = Debug|Any CPU
		Release|Any CPU = Release|Any CPU
	EndGlobalSection
	GlobalSection(ProjectConfigurationPlatforms) = postSolution
		{EE4BD29F-D60F-445B-A0E4-FA3A969D4A1D}.Debug|Any CPU.ActiveCfg = Debug|Any CPU
		{EE4BD29F-D60F-445B-A0E4-FA3A969D4A1D}.Debug|Any CPU.Build.0 = Debug|Any CPU
		{EE4BD29F-D60F-445B-A0E4-FA3A969D4A1D}.Release|Any CPU.ActiveCfg = Release|Any CPU
		{EE4BD29F-D60F-445B-A0E4-FA3A969D4A1D}.Release|Any CPU.Build.0 = Release|Any CPU
	EndGlobalSection
	GlobalSection(SolutionProperties) = preSolution
		HideSolutionNode = FALSE
	EndGlobalSection
	GlobalSection(ExtensibilityGlobals) = postSolution
		SolutionGuid = {115A448A-7A9D-471A-9336-440E701102F5}
	EndGlobalSection
EndGlobal
